
Microsoft Visual Studio Solution File, Format Version 12.00
# Visual Studio Version 16
VisualStudioVersion = 16.0.30503.244
MinimumVisualStudioVersion = 10.0.40219.1
Project("{9A19103F-16F7-4668-BE54-9A1E7A4F7556}") = "Student Information", "Fundamentals 1st session\Student Information.csproj", "{3DED0EED-BBD6-4649-8451-C21F91335FEB}"
EndProject
Project("{9A19103F-16F7-4668-BE54-9A1E7A4F7556}") = "Passed", "Passed\Passed.csproj", "{5983C134-6409-47BC-9354-FC99DB1F0D74}"
EndProject
Project("{9A19103F-16F7-4668-BE54-9A1E7A4F7556}") = "Passed or Failed", "Passed or Failed\Passed or Failed.csproj", "{D804541A-7BFF-4E59-8E51-CB576EA93F52}"
EndProject
Project("{9A19103F-16F7-4668-BE54-9A1E7A4F7556}") = "Back in 30 minutes", "Back in 30 minute\Back in 30 minutes.csproj", "{BE16E2E5-DC63-45B3-A076-E4AE832E6CF2}"
EndProject
Project("{9A19103F-16F7-4668-BE54-9A1E7A4F7556}") = "Month Printer", "Month Printer\Month Printer.csproj", "{84D2422A-7440-4A33-915A-153BAE394EF2}"
EndProject
Project("{9A19103F-16F7-4668-BE54-9A1E7A4F7556}") = "Foreign Languages", "Foreign Languages\Foreign Languages.csproj", "{B4AFFF40-1D4E-49FD-B5BE-E05ACFDCF476}"
EndProject
Project("{9A19103F-16F7-4668-BE54-9A1E7A4F7556}") = "Theatre Promotions", "Theatre Promotions\Theatre Promotions.csproj", "{3C04547A-B8B3-41CB-9275-4CA3312268EE}"
EndProject
Project("{9A19103F-16F7-4668-BE54-9A1E7A4F7556}") = "Divisible by 3", "Divisible by 3\Divisible by 3.csproj", "{FB2B531D-4DF3-4F30-9F72-FAEC7257D08B}"
EndProject
Project("{9A19103F-16F7-4668-BE54-9A1E7A4F7556}") = "Sum of Odd Numbers", "Sum of Odd Numbers\Sum of Odd Numbers.csproj", "{86A253E2-8380-4605-ADEB-BB9D852B7044}"
EndProject
Project("{9A19103F-16F7-4668-BE54-9A1E7A4F7556}") = "Multiplication Table", "Multiplication Table\Multiplication Table.csproj", "{BA4549DB-51E5-493D-8B0F-954F1BA3F1DE}"
EndProject
Project("{9A19103F-16F7-4668-BE54-9A1E7A4F7556}") = "Multiplication Table 2.0", "Multiplication Table 2.0\Multiplication Table 2.0.csproj", "{4815ADDB-6A7B-47E4-89D1-91346E550A12}"
EndProject
Project("{FAE04EC0-301F-11D3-BF4B-00C04F79EFBC}") = "Even Number", "Even Number\Even Number.csproj", "{0105410D-EE28-4975-BA0A-89558FD88CC8}"
EndProject
Project("{FAE04EC0-301F-11D3-BF4B-00C04F79EFBC}") = "Holidays Between two Dates", "Holidays Between two Dates\Holidays Between two Dates.csproj", "{9560C474-E70C-453F-80D7-0FB116F6D9DF}"
EndProject
Global
	GlobalSection(SolutionConfigurationPlatforms) = preSolution
		Debug|Any CPU = Debug|Any CPU
		Release|Any CPU = Release|Any CPU
	EndGlobalSection
	GlobalSection(ProjectConfigurationPlatforms) = postSolution
		{3DED0EED-BBD6-4649-8451-C21F91335FEB}.Debug|Any CPU.ActiveCfg = Debug|Any CPU
		{3DED0EED-BBD6-4649-8451-C21F91335FEB}.Debug|Any CPU.Build.0 = Debug|Any CPU
		{3DED0EED-BBD6-4649-8451-C21F91335FEB}.Release|Any CPU.ActiveCfg = Release|Any CPU
		{3DED0EED-BBD6-4649-8451-C21F91335FEB}.Release|Any CPU.Build.0 = Release|Any CPU
		{5983C134-6409-47BC-9354-FC99DB1F0D74}.Debug|Any CPU.ActiveCfg = Debug|Any CPU
		{5983C134-6409-47BC-9354-FC99DB1F0D74}.Debug|Any CPU.Build.0 = Debug|Any CPU
		{5983C134-6409-47BC-9354-FC99DB1F0D74}.Release|Any CPU.ActiveCfg = Release|Any CPU
		{5983C134-6409-47BC-9354-FC99DB1F0D74}.Release|Any CPU.Build.0 = Release|Any CPU
		{D804541A-7BFF-4E59-8E51-CB576EA93F52}.Debug|Any CPU.ActiveCfg = Debug|Any CPU
		{D804541A-7BFF-4E59-8E51-CB576EA93F52}.Debug|Any CPU.Build.0 = Debug|Any CPU
		{D804541A-7BFF-4E59-8E51-CB576EA93F52}.Release|Any CPU.ActiveCfg = Release|Any CPU
		{D804541A-7BFF-4E59-8E51-CB576EA93F52}.Release|Any CPU.Build.0 = Release|Any CPU
		{BE16E2E5-DC63-45B3-A076-E4AE832E6CF2}.Debug|Any CPU.ActiveCfg = Debug|Any CPU
		{BE16E2E5-DC63-45B3-A076-E4AE832E6CF2}.Debug|Any CPU.Build.0 = Debug|Any CPU
		{BE16E2E5-DC63-45B3-A076-E4AE832E6CF2}.Release|Any CPU.ActiveCfg = Release|Any CPU
		{BE16E2E5-DC63-45B3-A076-E4AE832E6CF2}.Release|Any CPU.Build.0 = Release|Any CPU
		{84D2422A-7440-4A33-915A-153BAE394EF2}.Debug|Any CPU.ActiveCfg = Debug|Any CPU
		{84D2422A-7440-4A33-915A-153BAE394EF2}.Debug|Any CPU.Build.0 = Debug|Any CPU
		{84D2422A-7440-4A33-915A-153BAE394EF2}.Release|Any CPU.ActiveCfg = Release|Any CPU
		{84D2422A-7440-4A33-915A-153BAE394EF2}.Release|Any CPU.Build.0 = Release|Any CPU
		{B4AFFF40-1D4E-49FD-B5BE-E05ACFDCF476}.Debug|Any CPU.ActiveCfg = Debug|Any CPU
		{B4AFFF40-1D4E-49FD-B5BE-E05ACFDCF476}.Debug|Any CPU.Build.0 = Debug|Any CPU
		{B4AFFF40-1D4E-49FD-B5BE-E05ACFDCF476}.Release|Any CPU.ActiveCfg = Release|Any CPU
		{B4AFFF40-1D4E-49FD-B5BE-E05ACFDCF476}.Release|Any CPU.Build.0 = Release|Any CPU
		{3C04547A-B8B3-41CB-9275-4CA3312268EE}.Debug|Any CPU.ActiveCfg = Debug|Any CPU
		{3C04547A-B8B3-41CB-9275-4CA3312268EE}.Debug|Any CPU.Build.0 = Debug|Any CPU
		{3C04547A-B8B3-41CB-9275-4CA3312268EE}.Release|Any CPU.ActiveCfg = Release|Any CPU
		{3C04547A-B8B3-41CB-9275-4CA3312268EE}.Release|Any CPU.Build.0 = Release|Any CPU
		{FB2B531D-4DF3-4F30-9F72-FAEC7257D08B}.Debug|Any CPU.ActiveCfg = Debug|Any CPU
		{FB2B531D-4DF3-4F30-9F72-FAEC7257D08B}.Debug|Any CPU.Build.0 = Debug|Any CPU
		{FB2B531D-4DF3-4F30-9F72-FAEC7257D08B}.Release|Any CPU.ActiveCfg = Release|Any CPU
		{FB2B531D-4DF3-4F30-9F72-FAEC7257D08B}.Release|Any CPU.Build.0 = Release|Any CPU
		{86A253E2-8380-4605-ADEB-BB9D852B7044}.Debug|Any CPU.ActiveCfg = Debug|Any CPU
		{86A253E2-8380-4605-ADEB-BB9D852B7044}.Debug|Any CPU.Build.0 = Debug|Any CPU
		{86A253E2-8380-4605-ADEB-BB9D852B7044}.Release|Any CPU.ActiveCfg = Release|Any CPU
		{86A253E2-8380-4605-ADEB-BB9D852B7044}.Release|Any CPU.Build.0 = Release|Any CPU
		{BA4549DB-51E5-493D-8B0F-954F1BA3F1DE}.Debug|Any CPU.ActiveCfg = Debug|Any CPU
		{BA4549DB-51E5-493D-8B0F-954F1BA3F1DE}.Debug|Any CPU.Build.0 = Debug|Any CPU
		{BA4549DB-51E5-493D-8B0F-954F1BA3F1DE}.Release|Any CPU.ActiveCfg = Release|Any CPU
		{BA4549DB-51E5-493D-8B0F-954F1BA3F1DE}.Release|Any CPU.Build.0 = Release|Any CPU
		{4815ADDB-6A7B-47E4-89D1-91346E550A12}.Debug|Any CPU.ActiveCfg = Debug|Any CPU
		{4815ADDB-6A7B-47E4-89D1-91346E550A12}.Debug|Any CPU.Build.0 = Debug|Any CPU
		{4815ADDB-6A7B-47E4-89D1-91346E550A12}.Release|Any CPU.ActiveCfg = Release|Any CPU
		{4815ADDB-6A7B-47E4-89D1-91346E550A12}.Release|Any CPU.Build.0 = Release|Any CPU
		{0105410D-EE28-4975-BA0A-89558FD88CC8}.Debug|Any CPU.ActiveCfg = Debug|Any CPU
		{0105410D-EE28-4975-BA0A-89558FD88CC8}.Debug|Any CPU.Build.0 = Debug|Any CPU
		{0105410D-EE28-4975-BA0A-89558FD88CC8}.Release|Any CPU.ActiveCfg = Release|Any CPU
		{0105410D-EE28-4975-BA0A-89558FD88CC8}.Release|Any CPU.Build.0 = Release|Any CPU
		{9560C474-E70C-453F-80D7-0FB116F6D9DF}.Debug|Any CPU.ActiveCfg = Debug|Any CPU
		{9560C474-E70C-453F-80D7-0FB116F6D9DF}.Debug|Any CPU.Build.0 = Debug|Any CPU
		{9560C474-E70C-453F-80D7-0FB116F6D9DF}.Release|Any CPU.ActiveCfg = Release|Any CPU
		{9560C474-E70C-453F-80D7-0FB116F6D9DF}.Release|Any CPU.Build.0 = Release|Any CPU
	EndGlobalSection
	GlobalSection(SolutionProperties) = preSolution
		HideSolutionNode = FALSE
	EndGlobalSection
	GlobalSection(ExtensibilityGlobals) = postSolution
		SolutionGuid = {5281D669-FC25-483D-BA79-D51967081BEE}
	EndGlobalSection
EndGlobal
